
Microsoft Visual Studio Solution File, Format Version 12.00
# Visual Studio Version 16
VisualStudioVersion = 16.0.30002.166
MinimumVisualStudioVersion = 10.0.40219.1
Project("{FAE04EC0-301F-11D3-BF4B-00C04F79EFBC}") = "FlowTask-Backend", "FlowTask-Backend\FlowTask-Backend.csproj", "{70063882-DE25-4DD9-9F72-0B01651DCB8E}"
EndProject
Project("{FAE04EC0-301F-11D3-BF4B-00C04F79EFBC}") = "FlowTask-Test", "FlowTask-Test\FlowTask-Test.csproj", "{5DB5CC98-BA2E-4493-BF5B-FDAFB8DF9A6B}"
EndProject
Global
	GlobalSection(SolutionConfigurationPlatforms) = preSolution
		Debug|Any CPU = Debug|Any CPU
		Release|Any CPU = Release|Any CPU
	EndGlobalSection
	GlobalSection(ProjectConfigurationPlatforms) = postSolution
		{70063882-DE25-4DD9-9F72-0B01651DCB8E}.Debug|Any CPU.ActiveCfg = Debug|Any CPU
		{70063882-DE25-4DD9-9F72-0B01651DCB8E}.Debug|Any CPU.Build.0 = Debug|Any CPU
		{70063882-DE25-4DD9-9F72-0B01651DCB8E}.Release|Any CPU.ActiveCfg = Release|Any CPU
		{70063882-DE25-4DD9-9F72-0B01651DCB8E}.Release|Any CPU.Build.0 = Release|Any CPU
		{5DB5CC98-BA2E-4493-BF5B-FDAFB8DF9A6B}.Debug|Any CPU.ActiveCfg = Debug|Any CPU
		{5DB5CC98-BA2E-4493-BF5B-FDAFB8DF9A6B}.Debug|Any CPU.Build.0 = Debug|Any CPU
		{5DB5CC98-BA2E-4493-BF5B-FDAFB8DF9A6B}.Release|Any CPU.ActiveCfg = Release|Any CPU
		{5DB5CC98-BA2E-4493-BF5B-FDAFB8DF9A6B}.Release|Any CPU.Build.0 = Release|Any CPU
	EndGlobalSection
	GlobalSection(SolutionProperties) = preSolution
		HideSolutionNode = FALSE
	EndGlobalSection
	GlobalSection(ExtensibilityGlobals) = postSolution
		SolutionGuid = {2BFC50CA-FBFF-413B-8411-6F7A5097BB3C}
	EndGlobalSection
EndGlobal
